
Microsoft Visual Studio Solution File, Format Version 12.00
# Visual Studio 15
VisualStudioVersion = 15.0.28010.2036
MinimumVisualStudioVersion = 10.0.40219.1
Project("{FAE04EC0-301F-11D3-BF4B-00C04F79EFBC}") = "WhampsChallenge", "WhampsChallenge\WhampsChallenge.csproj", "{7C4D4485-0348-4D3F-A111-1A60A663502C}"
EndProject
Project("{FAE04EC0-301F-11D3-BF4B-00C04F79EFBC}") = "ContractGeneration", "ContractGeneration\ContractGeneration.csproj", "{09F2D405-0174-4CC3-9C00-607545F43CF3}"
EndProject
Project("{FAE04EC0-301F-11D3-BF4B-00C04F79EFBC}") = "ContestantContracts", "ContestantContracts\ContestantContracts.csproj", "{D8CC4D76-FC9A-4B9E-8CEB-70C309332755}"
EndProject
Global
	GlobalSection(SolutionConfigurationPlatforms) = preSolution
		Debug|Any CPU = Debug|Any CPU
		Release|Any CPU = Release|Any CPU
	EndGlobalSection
	GlobalSection(ProjectConfigurationPlatforms) = postSolution
		{7C4D4485-0348-4D3F-A111-1A60A663502C}.Debug|Any CPU.ActiveCfg = Debug|Any CPU
		{7C4D4485-0348-4D3F-A111-1A60A663502C}.Debug|Any CPU.Build.0 = Debug|Any CPU
		{7C4D4485-0348-4D3F-A111-1A60A663502C}.Release|Any CPU.ActiveCfg = Release|Any CPU
		{7C4D4485-0348-4D3F-A111-1A60A663502C}.Release|Any CPU.Build.0 = Release|Any CPU
		{09F2D405-0174-4CC3-9C00-607545F43CF3}.Debug|Any CPU.ActiveCfg = Debug|Any CPU
		{09F2D405-0174-4CC3-9C00-607545F43CF3}.Debug|Any CPU.Build.0 = Debug|Any CPU
		{09F2D405-0174-4CC3-9C00-607545F43CF3}.Release|Any CPU.ActiveCfg = Release|Any CPU
		{09F2D405-0174-4CC3-9C00-607545F43CF3}.Release|Any CPU.Build.0 = Release|Any CPU
		{D8CC4D76-FC9A-4B9E-8CEB-70C309332755}.Debug|Any CPU.ActiveCfg = Debug|Any CPU
		{D8CC4D76-FC9A-4B9E-8CEB-70C309332755}.Debug|Any CPU.Build.0 = Debug|Any CPU
		{D8CC4D76-FC9A-4B9E-8CEB-70C309332755}.Release|Any CPU.ActiveCfg = Release|Any CPU
		{D8CC4D76-FC9A-4B9E-8CEB-70C309332755}.Release|Any CPU.Build.0 = Release|Any CPU
	EndGlobalSection
	GlobalSection(SolutionProperties) = preSolution
		HideSolutionNode = FALSE
	EndGlobalSection
	GlobalSection(ExtensibilityGlobals) = postSolution
		SolutionGuid = {EA0F7FCD-01FB-491D-BF71-BEB719D831EC}
	EndGlobalSection
EndGlobal
