
Microsoft Visual Studio Solution File, Format Version 12.00
# Visual Studio 15
VisualStudioVersion = 15.0.28010.2036
MinimumVisualStudioVersion = 10.0.40219.1
Project("{FAE04EC0-301F-11D3-BF4B-00C04F79EFBC}") = "WhampsChallenge", "WhampsChallenge.csproj", "{7C4D4485-0348-4D3F-A111-1A60A663502C}"
EndProject
Project("{FAE04EC0-301F-11D3-BF4B-00C04F79EFBC}") = "ContestantContracts", "..\ContestantContracts\ContestantContracts.csproj", "{D8CC4D76-FC9A-4B9E-8CEB-70C309332755}"
EndProject
Project("{FAE04EC0-301F-11D3-BF4B-00C04F79EFBC}") = "SampleContestant", "SampleContestant\SampleContestant.csproj", "{4E5D8E98-A22F-4BF8-B417-30BC33B183C2}"
EndProject
Project("{FAE04EC0-301F-11D3-BF4B-00C04F79EFBC}") = "WhapmsGUI", "WhapmsGUI\WhapmsGUI.csproj", "{AE178AD5-231E-4D09-BCE8-6DEA31BBF58B}"
EndProject
Project("{FAE04EC0-301F-11D3-BF4B-00C04F79EFBC}") = "WhampsCLI", "WhampsCLI\WhampsCLI.csproj", "{44CBAC4B-DAE1-48F0-870B-6981E4BF2ECB}"
EndProject
Global
	GlobalSection(SolutionConfigurationPlatforms) = preSolution
		Debug|Any CPU = Debug|Any CPU
		Release|Any CPU = Release|Any CPU
	EndGlobalSection
	GlobalSection(ProjectConfigurationPlatforms) = postSolution
		{7C4D4485-0348-4D3F-A111-1A60A663502C}.Debug|Any CPU.ActiveCfg = Debug|Any CPU
		{7C4D4485-0348-4D3F-A111-1A60A663502C}.Debug|Any CPU.Build.0 = Debug|Any CPU
		{7C4D4485-0348-4D3F-A111-1A60A663502C}.Release|Any CPU.ActiveCfg = Release|Any CPU
		{7C4D4485-0348-4D3F-A111-1A60A663502C}.Release|Any CPU.Build.0 = Release|Any CPU
		{D8CC4D76-FC9A-4B9E-8CEB-70C309332755}.Debug|Any CPU.ActiveCfg = Debug|Any CPU
		{D8CC4D76-FC9A-4B9E-8CEB-70C309332755}.Debug|Any CPU.Build.0 = Debug|Any CPU
		{D8CC4D76-FC9A-4B9E-8CEB-70C309332755}.Release|Any CPU.ActiveCfg = Release|Any CPU
		{D8CC4D76-FC9A-4B9E-8CEB-70C309332755}.Release|Any CPU.Build.0 = Release|Any CPU
		{4E5D8E98-A22F-4BF8-B417-30BC33B183C2}.Debug|Any CPU.ActiveCfg = Debug|Any CPU
		{4E5D8E98-A22F-4BF8-B417-30BC33B183C2}.Debug|Any CPU.Build.0 = Debug|Any CPU
		{4E5D8E98-A22F-4BF8-B417-30BC33B183C2}.Release|Any CPU.ActiveCfg = Release|Any CPU
		{4E5D8E98-A22F-4BF8-B417-30BC33B183C2}.Release|Any CPU.Build.0 = Release|Any CPU
		{AE178AD5-231E-4D09-BCE8-6DEA31BBF58B}.Debug|Any CPU.ActiveCfg = Debug|Any CPU
		{AE178AD5-231E-4D09-BCE8-6DEA31BBF58B}.Debug|Any CPU.Build.0 = Debug|Any CPU
		{AE178AD5-231E-4D09-BCE8-6DEA31BBF58B}.Release|Any CPU.ActiveCfg = Release|Any CPU
		{AE178AD5-231E-4D09-BCE8-6DEA31BBF58B}.Release|Any CPU.Build.0 = Release|Any CPU
		{44CBAC4B-DAE1-48F0-870B-6981E4BF2ECB}.Debug|Any CPU.ActiveCfg = Debug|Any CPU
		{44CBAC4B-DAE1-48F0-870B-6981E4BF2ECB}.Debug|Any CPU.Build.0 = Debug|Any CPU
		{44CBAC4B-DAE1-48F0-870B-6981E4BF2ECB}.Release|Any CPU.ActiveCfg = Release|Any CPU
		{44CBAC4B-DAE1-48F0-870B-6981E4BF2ECB}.Release|Any CPU.Build.0 = Release|Any CPU
	EndGlobalSection
	GlobalSection(SolutionProperties) = preSolution
		HideSolutionNode = FALSE
	EndGlobalSection
	GlobalSection(ExtensibilityGlobals) = postSolution
		SolutionGuid = {EA0F7FCD-01FB-491D-BF71-BEB719D831EC}
	EndGlobalSection
EndGlobal
